
Microsoft Visual Studio Solution File, Format Version 12.00
# Visual Studio Version 17
VisualStudioVersion = 17.2.32630.192
MinimumVisualStudioVersion = 10.0.40219.1
Project("{9A19103F-16F7-4668-BE54-9A1E7A4F7556}") = "xPray", "xPray.csproj", "{949C7B1C-6D41-48B6-8A56-0FEE0C822531}"
EndProject
Global
	GlobalSection(SolutionConfigurationPlatforms) = preSolution
		Debug|Any CPU = Debug|Any CPU
		Release|Any CPU = Release|Any CPU
	EndGlobalSection
	GlobalSection(ProjectConfigurationPlatforms) = postSolution
		{949C7B1C-6D41-48B6-8A56-0FEE0C822531}.Debug|Any CPU.ActiveCfg = Debug|Any CPU
		{949C7B1C-6D41-48B6-8A56-0FEE0C822531}.Debug|Any CPU.Build.0 = Debug|Any CPU
		{949C7B1C-6D41-48B6-8A56-0FEE0C822531}.Release|Any CPU.ActiveCfg = Release|Any CPU
		{949C7B1C-6D41-48B6-8A56-0FEE0C822531}.Release|Any CPU.Build.0 = Release|Any CPU
	EndGlobalSection
	GlobalSection(SolutionProperties) = preSolution
		HideSolutionNode = FALSE
	EndGlobalSection
	GlobalSection(ExtensibilityGlobals) = postSolution
		SolutionGuid = {7EBF4D50-4290-422E-A940-AC013BF31E38}
	EndGlobalSection
EndGlobal
